
Microsoft Visual Studio Solution File, Format Version 12.00
# Visual Studio Version 16
VisualStudioVersion = 16.0.29215.179
MinimumVisualStudioVersion = 10.0.40219.1
Project("{FAE04EC0-301F-11D3-BF4B-00C04F79EFBC}") = "MangaStore", "MangaStore\MangaStore.csproj", "{030A98EE-3B94-4B8D-87EF-5D7C497DEFDA}"
EndProject
Global
	GlobalSection(SolutionConfigurationPlatforms) = preSolution
		Debug|Any CPU = Debug|Any CPU
		Release|Any CPU = Release|Any CPU
	EndGlobalSection
	GlobalSection(ProjectConfigurationPlatforms) = postSolution
		{030A98EE-3B94-4B8D-87EF-5D7C497DEFDA}.Debug|Any CPU.ActiveCfg = Debug|Any CPU
		{030A98EE-3B94-4B8D-87EF-5D7C497DEFDA}.Debug|Any CPU.Build.0 = Debug|Any CPU
		{030A98EE-3B94-4B8D-87EF-5D7C497DEFDA}.Release|Any CPU.ActiveCfg = Release|Any CPU
		{030A98EE-3B94-4B8D-87EF-5D7C497DEFDA}.Release|Any CPU.Build.0 = Release|Any CPU
	EndGlobalSection
	GlobalSection(SolutionProperties) = preSolution
		HideSolutionNode = FALSE
	EndGlobalSection
	GlobalSection(ExtensibilityGlobals) = postSolution
		SolutionGuid = {8B9CD435-1FA2-4A91-BFA8-B1B2C3D84375}
	EndGlobalSection
EndGlobal
